{
  "requires": true,
  "lockfileVersion": 1,
  "dependencies": {
    "MD5": {
      "version": "0.0.0",
      "resolved": "https://registry.npmjs.org/MD5/-/MD5-0.0.0.tgz",
      "integrity": "sha512-H2InGmJXDev4O0fupVlqHsxNUxGW9910K3QIdcKXUwQCKy9mE3EEzxI1CFYg7xORcFe8AoifJc+jwc3JwhRgZw==",
      "requires": {
        "charenc": ">=0.0.1",
        "crypt": ">=0.0.1"
      }
    },
    "async": {
      "version": "0.1.22",
      "resolved": "https://registry.npmjs.org/async/-/async-0.1.22.tgz",
      "integrity": "sha512-2tEzliJmf5fHNafNwQLJXUasGzQCVctvsNkXmnlELHwypU0p08/rHohYvkqKIjyXpx+0rkrYv6QbhJ+UF4QkBg=="
    },
    "charenc": {
      "version": "0.0.2",
      "resolved": "https://registry.npmjs.org/charenc/-/charenc-0.0.2.tgz",
      "integrity": "sha512-yrLQ/yVUFXkzg7EDQsPieE/53+0RlaWTs+wBrvW36cyilJ2SaDWfl4Yj7MtLTXleV9uEKefbAGUPv2/iWSooRA=="
    },
    "colors": {
      "version": "0.5.1",
      "resolved": "https://registry.npmjs.org/colors/-/colors-0.5.1.tgz",
      "integrity": "sha512-XjsuUwpDeY98+yz959OlUK6m7mLBM+1MEG5oaenfuQnNnrQk1WvtcvFgN3FNDP3f2NmZ211t0mNEfSEN1h0eIg=="
    },
    "crypt": {
      "version": "0.0.2",
      "resolved": "https://registry.npmjs.org/crypt/-/crypt-0.0.2.tgz",
      "integrity": "sha512-mCxBlsHFYh9C+HVpiEacem8FEBnMXgU9gy4zmNC+SXAZNB/1idgp/aulFJ4FgCi7GPEVbfyng092GqL2k2rmow=="
    },
    "gravatar": {
      "version": "1.0.6",
      "resolved": "https://registry.npmjs.org/gravatar/-/gravatar-1.0.6.tgz",
      "integrity": "sha512-N3mCCztN/ubMZKlpxbrH2VXpCJhoFqIKV4hEL/pJbvrxSAM/YDH4ClBjB/NVjgcH0+mpfCe3UR4LsHOLUwbTIA=="
    },
    "highlight": {
      "version": "0.2.4",
      "resolved": "https://registry.npmjs.org/highlight/-/highlight-0.2.4.tgz",
      "integrity": "sha512-TEcWU6BolpDYIaVD91KmaYe/kRZwOmQlLWZGO8DK+Cs555+7mawk2KUnF/dBwcLnrvlCDk/xC+BXfz7Zva+Jfg=="
    },
    "hooks": {
      "version": "0.1.9",
      "resolved": "https://registry.npmjs.org/hooks/-/hooks-0.1.9.tgz",
      "integrity": "sha512-vAK3PuwoPpj0pCG4Uu2lyOIBpRLpM12ohthJd6fR4FczRzVyAnTU3v7ah9/JIRDx18qhyTDnkx1plHnsLJCYvw=="
    },
    "jquery": {
      "version": "3.7.1",
      "resolved": "https://registry.npmjs.org/jquery/-/jquery-3.7.1.tgz",
      "integrity": "sha512-m4avr8yL8kmFN8psrbFFFmB/If14iN5o9nw/NgnnM+kybDJpRsAynV2BsfpTYrTRysYUdADVD7CkUUizgkpLfg=="
    },
    "marked": {
      "version": "0.1.9",
      "resolved": "https://registry.npmjs.org/marked/-/marked-0.1.9.tgz",
      "integrity": "sha512-m1E27FVCylagktybuRmAGoVH2C1zRkqMbyaxFBQHNXRJ3huR3ueBs3YEz/nVfpE28jtG4ePiCzTOIjSra6OQOg=="
    },
    "mongodb": {
      "version": "0.9.7-3-5",
      "resolved": "https://registry.npmjs.org/mongodb/-/mongodb-0.9.7-3-5.tgz",
      "integrity": "sha512-EI6F+oYIgb63B6K/vHgvftkKsqXAAZvfmbxj6t8EpZuHp3NYU7KtG9uhq3Et8DLsdeyDhtfKs6JaGm2vl5Z1hg=="
    },
    "mongoose": {
      "version": "2.4.10",
      "resolved": "https://registry.npmjs.org/mongoose/-/mongoose-2.4.10.tgz",
      "integrity": "sha512-xV1XyqyQ9p9pZKWG1p+LNAYwlDH596WjQVpQK/+uQncrTvYkekKASuN/qSuS/4Bvcbi7UPEbpy5wdYxJhGAaMg==",
      "requires": {
        "colors": "0.5.1",
        "hooks": "0.1.9",
        "mongodb": "0.9.7-3-5"
      }
    },
    "owl": {
      "version": "0.0.6",
      "resolved": "https://registry.npmjs.org/owl/-/owl-0.0.6.tgz",
      "integrity": "sha512-YlLVYEMEFZeNct3fEN08Cqk0OBAgdeKLlT7qjWP01s+fFRRihun3l1Gs+zidX2TrOexucQatge4+dBdRJ8fuHA==",
      "requires": {
        "MD5": "0.0.x",
        "async": "0.1.x",
        "gravatar": "1.0.x",
        "highlight": "0.2.x",
        "marked": "0.1.x",
        "mongoose": "2.4.x",
        "watch": "0.5.x"
      }
    },
    "owl.carousel": {
      "version": "2.3.4",
      "resolved": "https://registry.npmjs.org/owl.carousel/-/owl.carousel-2.3.4.tgz",
      "integrity": "sha512-JaDss9+feAvEW8KZppPSpllfposEzQiW+Ytt/Xm5t/3CTJ7YVmkh6RkWixoA2yXk2boIwedYxOvrrppIGzru9A==",
      "requires": {
        "jquery": ">=1.8.3"
      }
    },
    "watch": {
      "version": "0.5.1",
      "resolved": "https://registry.npmjs.org/watch/-/watch-0.5.1.tgz",
      "integrity": "sha512-+XJjQ03+NtexhhBdn5Kt7jAMMPA9eJycKfqkECaqxV6ndUy07wMvWHJpnZ/LGbvfI2ZGW27utaSxl1vNuvm/0A=="
    }
  }
}
